
Microsoft Visual Studio Solution File, Format Version 12.00
# Visual Studio Version 16
VisualStudioVersion = 16.0.31025.194
MinimumVisualStudioVersion = 10.0.40219.1
Project("{FAE04EC0-301F-11D3-BF4B-00C04F79EFBC}") = "MVCProjeKampi", "MVCProjeKampi\MVCProjeKampi.csproj", "{2BAF6566-0EEB-44EC-BCC3-157EFDC9E91B}"
EndProject
Project("{FAE04EC0-301F-11D3-BF4B-00C04F79EFBC}") = "EntityLayer", "EntityLayer\EntityLayer.csproj", "{5E579A40-ED79-456A-9E42-B853D6BA5015}"
EndProject
Project("{FAE04EC0-301F-11D3-BF4B-00C04F79EFBC}") = "DataAccessLayer", "DataAccessLayer\DataAccessLayer.csproj", "{A14EAF04-7B4F-461B-B686-6FBD8DE8B1E4}"
EndProject
Project("{FAE04EC0-301F-11D3-BF4B-00C04F79EFBC}") = "BusinessLayer", "BusinessLayer\BusinessLayer.csproj", "{6773E76A-EBD3-4277-BCEA-0413137E8E6F}"
EndProject
Global
	GlobalSection(SolutionConfigurationPlatforms) = preSolution
		Debug|Any CPU = Debug|Any CPU
		Release|Any CPU = Release|Any CPU
	EndGlobalSection
	GlobalSection(ProjectConfigurationPlatforms) = postSolution
		{2BAF6566-0EEB-44EC-BCC3-157EFDC9E91B}.Debug|Any CPU.ActiveCfg = Debug|Any CPU
		{2BAF6566-0EEB-44EC-BCC3-157EFDC9E91B}.Debug|Any CPU.Build.0 = Debug|Any CPU
		{2BAF6566-0EEB-44EC-BCC3-157EFDC9E91B}.Release|Any CPU.ActiveCfg = Release|Any CPU
		{2BAF6566-0EEB-44EC-BCC3-157EFDC9E91B}.Release|Any CPU.Build.0 = Release|Any CPU
		{5E579A40-ED79-456A-9E42-B853D6BA5015}.Debug|Any CPU.ActiveCfg = Debug|Any CPU
		{5E579A40-ED79-456A-9E42-B853D6BA5015}.Debug|Any CPU.Build.0 = Debug|Any CPU
		{5E579A40-ED79-456A-9E42-B853D6BA5015}.Release|Any CPU.ActiveCfg = Release|Any CPU
		{5E579A40-ED79-456A-9E42-B853D6BA5015}.Release|Any CPU.Build.0 = Release|Any CPU
		{A14EAF04-7B4F-461B-B686-6FBD8DE8B1E4}.Debug|Any CPU.ActiveCfg = Debug|Any CPU
		{A14EAF04-7B4F-461B-B686-6FBD8DE8B1E4}.Debug|Any CPU.Build.0 = Debug|Any CPU
		{A14EAF04-7B4F-461B-B686-6FBD8DE8B1E4}.Release|Any CPU.ActiveCfg = Release|Any CPU
		{A14EAF04-7B4F-461B-B686-6FBD8DE8B1E4}.Release|Any CPU.Build.0 = Release|Any CPU
		{6773E76A-EBD3-4277-BCEA-0413137E8E6F}.Debug|Any CPU.ActiveCfg = Debug|Any CPU
		{6773E76A-EBD3-4277-BCEA-0413137E8E6F}.Debug|Any CPU.Build.0 = Debug|Any CPU
		{6773E76A-EBD3-4277-BCEA-0413137E8E6F}.Release|Any CPU.ActiveCfg = Release|Any CPU
		{6773E76A-EBD3-4277-BCEA-0413137E8E6F}.Release|Any CPU.Build.0 = Release|Any CPU
	EndGlobalSection
	GlobalSection(SolutionProperties) = preSolution
		HideSolutionNode = FALSE
	EndGlobalSection
	GlobalSection(ExtensibilityGlobals) = postSolution
		SolutionGuid = {C020DB78-A19C-4D38-8DC5-9226F7073EF5}
	EndGlobalSection
EndGlobal
